// !$*UTF8*$!
{
	archiveVersion = 1;
	classes = {
	};
	objectVersion = 46;
	objects = {

/* Begin PBXGroup section */
		659CB6601C9B62D20059C51D = {
			isa = PBXGroup;
			children = (
			);
			sourceTree = "<group>";
		};
/* End PBXGroup section */

/* Begin PBXProject section */
		659CB6611C9B62D20059C51D /* Project object */ = {
			isa = PBXProject;
			attributes = {
				LastUpgradeCheck = 0720;
			};
			buildConfigurationList = 659CB6641C9B62D20059C51D /* Build configuration list for PBXProject "aximumDepthofBinaryTree" */;
			compatibilityVersion = "Xcode 3.2";
			developmentRegion = English;
			hasScannedForEncodings = 0;
			knownRegions = (
				en,
			);
			mainGroup = 659CB6601C9B62D20059C51D;
			projectDirPath = "";
			projectRoot = "";
			targets = (
			);
		};
/* End PBXProject section */

/* Begin XCBuildConfiguration section */
		659CB6651C9B62D20059C51D /* Debug */ = {
			isa = XCBuildConfiguration;
			buildSettings = {
			};
			name = Debug;
		};
		659CB6661C9B62D20059C51D /* Release */ = {
			isa = XCBuildConfiguration;
			buildSettings = {
			};
			name = Release;
		};
/* End XCBuildConfiguration section */

/* Begin XCConfigurationList section */
		659CB6641C9B62D20059C51D /* Build configuration list for PBXProject "aximumDepthofBinaryTree" */ = {
			isa = XCConfigurationList;
			buildConfigurations = (
				659CB6651C9B62D20059C51D /* Debug */,
				659CB6661C9B62D20059C51D /* Release */,
			);
			defaultConfigurationIsVisible = 0;
			defaultConfigurationName = Release;
		};
/* End XCConfigurationList section */
	};
	rootObject = 659CB6611C9B62D20059C51D /* Project object */;
}
